
Microsoft Visual Studio Solution File, Format Version 12.00
# Visual Studio Version 17
VisualStudioVersion = 17.8.34322.80
MinimumVisualStudioVersion = 10.0.40219.1
Project("{9A19103F-16F7-4668-BE54-9A1E7A4F7556}") = "ChatAppModern.Domain", "src\ChatAppModern.Domain\ChatAppModern.Domain.csproj", "{77843AE7-2114-490D-A7B5-9CB245DBEDA2}"
EndProject
Project("{9A19103F-16F7-4668-BE54-9A1E7A4F7556}") = "ChatAppModern.UnitTests", "tests\ChatAppModern.UnitTests\ChatAppModern.UnitTests.csproj", "{A00416E5-DC18-452B-80E8-CE8C9D928332}"
EndProject
Project("{9A19103F-16F7-4668-BE54-9A1E7A4F7556}") = "ChatAppModern.IntegrationTests", "tests\ChatAppModern.IntegrationTests\ChatAppModern.IntegrationTests.csproj", "{BB0F618E-30B1-43D7-AA8E-11E8F59B3BC4}"
EndProject
Project("{9A19103F-16F7-4668-BE54-9A1E7A4F7556}") = "ChatAppModern.BusinessLogic", "src\ChatAppModern.BusinessLogic\ChatAppModern.BusinessLogic.csproj", "{0E10BA3C-0530-40F9-ABE4-7BB1F67336FF}"
EndProject
Project("{9A19103F-16F7-4668-BE54-9A1E7A4F7556}") = "ChatAppModern.Persistence", "src\ChatAppModern.Persistence\ChatAppModern.Persistence.csproj", "{39517082-705A-431D-8CFF-EE03FBD6610C}"
EndProject
Project("{9A19103F-16F7-4668-BE54-9A1E7A4F7556}") = "ChatAppModern.WebAPI", "src\ChatAppModern.WebAPI\ChatAppModern.WebAPI.csproj", "{93023A46-0818-4659-BCF0-36512049BD86}"
EndProject
Project("{00D1A9C2-B5F0-4AF3-8072-F6C62B433612}") = "ChatAppModern.Database", "src\ChatAppModern.Database\ChatAppModern.Database.sqlproj", "{D13A532F-95B9-47D9-8A4B-F940E053E3D3}"
EndProject
Global
	GlobalSection(SolutionConfigurationPlatforms) = preSolution
		Debug|Any CPU = Debug|Any CPU
		Release|Any CPU = Release|Any CPU
	EndGlobalSection
	GlobalSection(ProjectConfigurationPlatforms) = postSolution
		{77843AE7-2114-490D-A7B5-9CB245DBEDA2}.Debug|Any CPU.ActiveCfg = Debug|Any CPU
		{77843AE7-2114-490D-A7B5-9CB245DBEDA2}.Debug|Any CPU.Build.0 = Debug|Any CPU
		{77843AE7-2114-490D-A7B5-9CB245DBEDA2}.Release|Any CPU.ActiveCfg = Release|Any CPU
		{77843AE7-2114-490D-A7B5-9CB245DBEDA2}.Release|Any CPU.Build.0 = Release|Any CPU
		{A00416E5-DC18-452B-80E8-CE8C9D928332}.Debug|Any CPU.ActiveCfg = Debug|Any CPU
		{A00416E5-DC18-452B-80E8-CE8C9D928332}.Debug|Any CPU.Build.0 = Debug|Any CPU
		{A00416E5-DC18-452B-80E8-CE8C9D928332}.Release|Any CPU.ActiveCfg = Release|Any CPU
		{A00416E5-DC18-452B-80E8-CE8C9D928332}.Release|Any CPU.Build.0 = Release|Any CPU
		{BB0F618E-30B1-43D7-AA8E-11E8F59B3BC4}.Debug|Any CPU.ActiveCfg = Debug|Any CPU
		{BB0F618E-30B1-43D7-AA8E-11E8F59B3BC4}.Debug|Any CPU.Build.0 = Debug|Any CPU
		{BB0F618E-30B1-43D7-AA8E-11E8F59B3BC4}.Release|Any CPU.ActiveCfg = Release|Any CPU
		{BB0F618E-30B1-43D7-AA8E-11E8F59B3BC4}.Release|Any CPU.Build.0 = Release|Any CPU
		{0E10BA3C-0530-40F9-ABE4-7BB1F67336FF}.Debug|Any CPU.ActiveCfg = Debug|Any CPU
		{0E10BA3C-0530-40F9-ABE4-7BB1F67336FF}.Debug|Any CPU.Build.0 = Debug|Any CPU
		{0E10BA3C-0530-40F9-ABE4-7BB1F67336FF}.Release|Any CPU.ActiveCfg = Release|Any CPU
		{0E10BA3C-0530-40F9-ABE4-7BB1F67336FF}.Release|Any CPU.Build.0 = Release|Any CPU
		{39517082-705A-431D-8CFF-EE03FBD6610C}.Debug|Any CPU.ActiveCfg = Debug|Any CPU
		{39517082-705A-431D-8CFF-EE03FBD6610C}.Debug|Any CPU.Build.0 = Debug|Any CPU
		{39517082-705A-431D-8CFF-EE03FBD6610C}.Release|Any CPU.ActiveCfg = Release|Any CPU
		{39517082-705A-431D-8CFF-EE03FBD6610C}.Release|Any CPU.Build.0 = Release|Any CPU
		{93023A46-0818-4659-BCF0-36512049BD86}.Debug|Any CPU.ActiveCfg = Debug|Any CPU
		{93023A46-0818-4659-BCF0-36512049BD86}.Debug|Any CPU.Build.0 = Debug|Any CPU
		{93023A46-0818-4659-BCF0-36512049BD86}.Release|Any CPU.ActiveCfg = Release|Any CPU
		{93023A46-0818-4659-BCF0-36512049BD86}.Release|Any CPU.Build.0 = Release|Any CPU
		{D13A532F-95B9-47D9-8A4B-F940E053E3D3}.Debug|Any CPU.ActiveCfg = Debug|Any CPU
		{D13A532F-95B9-47D9-8A4B-F940E053E3D3}.Debug|Any CPU.Build.0 = Debug|Any CPU
		{D13A532F-95B9-47D9-8A4B-F940E053E3D3}.Debug|Any CPU.Deploy.0 = Debug|Any CPU
		{D13A532F-95B9-47D9-8A4B-F940E053E3D3}.Release|Any CPU.ActiveCfg = Release|Any CPU
		{D13A532F-95B9-47D9-8A4B-F940E053E3D3}.Release|Any CPU.Build.0 = Release|Any CPU
		{D13A532F-95B9-47D9-8A4B-F940E053E3D3}.Release|Any CPU.Deploy.0 = Release|Any CPU
	EndGlobalSection
	GlobalSection(SolutionProperties) = preSolution
		HideSolutionNode = FALSE
	EndGlobalSection
	GlobalSection(ExtensibilityGlobals) = postSolution
		SolutionGuid = {B6C6955B-0940-4312-B241-5DE32F151A27}
	EndGlobalSection
EndGlobal
